
Microsoft Visual Studio Solution File, Format Version 12.00
# Visual Studio Version 17
VisualStudioVersion = 17.11.35327.3
MinimumVisualStudioVersion = 10.0.40219.1
Project("{9A19103F-16F7-4668-BE54-9A1E7A4F7556}") = "Application", "Application\Application.csproj", "{F51B9F8F-711A-4FC3-B55D-C43F30F475C8}"
EndProject
Project("{9A19103F-16F7-4668-BE54-9A1E7A4F7556}") = "Domain", "Domain\Domain.csproj", "{6F79F78D-9359-47AD-82D3-A580FA087617}"
EndProject
Project("{9A19103F-16F7-4668-BE54-9A1E7A4F7556}") = "Services", "Services\Services.csproj", "{EBBB7F4C-7067-46F6-A8AB-CCA02BEEE98C}"
EndProject
Project("{9A19103F-16F7-4668-BE54-9A1E7A4F7556}") = "Tests", "Tests\Tests.csproj", "{174C7975-E715-4352-A92F-1D2583555740}"
EndProject
Project("{FAE04EC0-301F-11D3-BF4B-00C04F79EFBC}") = "Presentation", "Presentation\Presentation.csproj", "{BAF58E37-31F7-417F-AE54-0B6E6C6C082B}"
EndProject
Project("{FAE04EC0-301F-11D3-BF4B-00C04F79EFBC}") = "Database", "Database\Database.csproj", "{4E51170D-D28E-4742-ACB0-47AFB6DFD6D4}"
EndProject
Global
	GlobalSection(SolutionConfigurationPlatforms) = preSolution
		Debug|Any CPU = Debug|Any CPU
		Release|Any CPU = Release|Any CPU
	EndGlobalSection
	GlobalSection(ProjectConfigurationPlatforms) = postSolution
		{F51B9F8F-711A-4FC3-B55D-C43F30F475C8}.Debug|Any CPU.ActiveCfg = Debug|Any CPU
		{F51B9F8F-711A-4FC3-B55D-C43F30F475C8}.Debug|Any CPU.Build.0 = Debug|Any CPU
		{F51B9F8F-711A-4FC3-B55D-C43F30F475C8}.Release|Any CPU.ActiveCfg = Release|Any CPU
		{F51B9F8F-711A-4FC3-B55D-C43F30F475C8}.Release|Any CPU.Build.0 = Release|Any CPU
		{6F79F78D-9359-47AD-82D3-A580FA087617}.Debug|Any CPU.ActiveCfg = Debug|Any CPU
		{6F79F78D-9359-47AD-82D3-A580FA087617}.Debug|Any CPU.Build.0 = Debug|Any CPU
		{6F79F78D-9359-47AD-82D3-A580FA087617}.Release|Any CPU.ActiveCfg = Release|Any CPU
		{6F79F78D-9359-47AD-82D3-A580FA087617}.Release|Any CPU.Build.0 = Release|Any CPU
		{EBBB7F4C-7067-46F6-A8AB-CCA02BEEE98C}.Debug|Any CPU.ActiveCfg = Debug|Any CPU
		{EBBB7F4C-7067-46F6-A8AB-CCA02BEEE98C}.Debug|Any CPU.Build.0 = Debug|Any CPU
		{EBBB7F4C-7067-46F6-A8AB-CCA02BEEE98C}.Release|Any CPU.ActiveCfg = Release|Any CPU
		{EBBB7F4C-7067-46F6-A8AB-CCA02BEEE98C}.Release|Any CPU.Build.0 = Release|Any CPU
		{174C7975-E715-4352-A92F-1D2583555740}.Debug|Any CPU.ActiveCfg = Debug|Any CPU
		{174C7975-E715-4352-A92F-1D2583555740}.Debug|Any CPU.Build.0 = Debug|Any CPU
		{174C7975-E715-4352-A92F-1D2583555740}.Release|Any CPU.ActiveCfg = Release|Any CPU
		{174C7975-E715-4352-A92F-1D2583555740}.Release|Any CPU.Build.0 = Release|Any CPU
		{BAF58E37-31F7-417F-AE54-0B6E6C6C082B}.Debug|Any CPU.ActiveCfg = Debug|Any CPU
		{BAF58E37-31F7-417F-AE54-0B6E6C6C082B}.Debug|Any CPU.Build.0 = Debug|Any CPU
		{BAF58E37-31F7-417F-AE54-0B6E6C6C082B}.Release|Any CPU.ActiveCfg = Release|Any CPU
		{BAF58E37-31F7-417F-AE54-0B6E6C6C082B}.Release|Any CPU.Build.0 = Release|Any CPU
		{4E51170D-D28E-4742-ACB0-47AFB6DFD6D4}.Debug|Any CPU.ActiveCfg = Debug|Any CPU
		{4E51170D-D28E-4742-ACB0-47AFB6DFD6D4}.Debug|Any CPU.Build.0 = Debug|Any CPU
		{4E51170D-D28E-4742-ACB0-47AFB6DFD6D4}.Release|Any CPU.ActiveCfg = Release|Any CPU
		{4E51170D-D28E-4742-ACB0-47AFB6DFD6D4}.Release|Any CPU.Build.0 = Release|Any CPU
	EndGlobalSection
	GlobalSection(SolutionProperties) = preSolution
		HideSolutionNode = FALSE
	EndGlobalSection
	GlobalSection(ExtensibilityGlobals) = postSolution
		SolutionGuid = {60902417-ED3C-4205-9906-9775B685650F}
	EndGlobalSection
EndGlobal
